
Microsoft Visual Studio Solution File, Format Version 12.00
# Visual Studio Version 17
VisualStudioVersion = 17.4.33205.214
MinimumVisualStudioVersion = 10.0.40219.1
Project("{FAE04EC0-301F-11D3-BF4B-00C04F79EFBC}") = "Exercise", "Exercise\Exercise.csproj", "{E5EAE885-677D-4623-A9C7-E400C1E8C43F}"
EndProject
Global
	GlobalSection(SolutionConfigurationPlatforms) = preSolution
		Debug|Any CPU = Debug|Any CPU
		Release|Any CPU = Release|Any CPU
	EndGlobalSection
	GlobalSection(ProjectConfigurationPlatforms) = postSolution
		{E5EAE885-677D-4623-A9C7-E400C1E8C43F}.Debug|Any CPU.ActiveCfg = Debug|Any CPU
		{E5EAE885-677D-4623-A9C7-E400C1E8C43F}.Debug|Any CPU.Build.0 = Debug|Any CPU
		{E5EAE885-677D-4623-A9C7-E400C1E8C43F}.Release|Any CPU.ActiveCfg = Release|Any CPU
		{E5EAE885-677D-4623-A9C7-E400C1E8C43F}.Release|Any CPU.Build.0 = Release|Any CPU
	EndGlobalSection
	GlobalSection(SolutionProperties) = preSolution
		HideSolutionNode = FALSE
	EndGlobalSection
	GlobalSection(ExtensibilityGlobals) = postSolution
		SolutionGuid = {D7FF6864-E0BA-4367-B0BE-7156DC24BA77}
	EndGlobalSection
EndGlobal
